
Microsoft Visual Studio Solution File, Format Version 12.00
# Visual Studio Version 16
VisualStudioVersion = 16.0.32413.511
MinimumVisualStudioVersion = 10.0.40219.1
Project("{FAE04EC0-301F-11D3-BF4B-00C04F79EFBC}") = "PDC03_MOD04.Android", "PDC03_MOD04\PDC03_MOD04.Android\PDC03_MOD04.Android.csproj", "{ED9E2E80-3129-4050-B0B4-C5C36862815B}"
EndProject
Project("{FAE04EC0-301F-11D3-BF4B-00C04F79EFBC}") = "PDC03_MOD04.iOS", "PDC03_MOD04\PDC03_MOD04.iOS\PDC03_MOD04.iOS.csproj", "{2912BF6F-45B3-40B4-B31A-A3E60B404CB8}"
EndProject
Project("{FAE04EC0-301F-11D3-BF4B-00C04F79EFBC}") = "PDC03_MOD04", "PDC03_MOD04\PDC03_MOD04\PDC03_MOD04.csproj", "{BBCCD77D-46E6-4A36-B69E-F251594BBE2E}"
EndProject
Global
	GlobalSection(SolutionConfigurationPlatforms) = preSolution
		Debug|Any CPU = Debug|Any CPU
		Debug|iPhone = Debug|iPhone
		Debug|iPhoneSimulator = Debug|iPhoneSimulator
		Release|Any CPU = Release|Any CPU
		Release|iPhone = Release|iPhone
		Release|iPhoneSimulator = Release|iPhoneSimulator
	EndGlobalSection
	GlobalSection(ProjectConfigurationPlatforms) = postSolution
		{ED9E2E80-3129-4050-B0B4-C5C36862815B}.Debug|Any CPU.ActiveCfg = Debug|Any CPU
		{ED9E2E80-3129-4050-B0B4-C5C36862815B}.Debug|Any CPU.Build.0 = Debug|Any CPU
		{ED9E2E80-3129-4050-B0B4-C5C36862815B}.Debug|Any CPU.Deploy.0 = Debug|Any CPU
		{ED9E2E80-3129-4050-B0B4-C5C36862815B}.Debug|iPhone.ActiveCfg = Debug|Any CPU
		{ED9E2E80-3129-4050-B0B4-C5C36862815B}.Debug|iPhone.Build.0 = Debug|Any CPU
		{ED9E2E80-3129-4050-B0B4-C5C36862815B}.Debug|iPhone.Deploy.0 = Debug|Any CPU
		{ED9E2E80-3129-4050-B0B4-C5C36862815B}.Debug|iPhoneSimulator.ActiveCfg = Debug|Any CPU
		{ED9E2E80-3129-4050-B0B4-C5C36862815B}.Debug|iPhoneSimulator.Build.0 = Debug|Any CPU
		{ED9E2E80-3129-4050-B0B4-C5C36862815B}.Debug|iPhoneSimulator.Deploy.0 = Debug|Any CPU
		{ED9E2E80-3129-4050-B0B4-C5C36862815B}.Release|Any CPU.ActiveCfg = Release|Any CPU
		{ED9E2E80-3129-4050-B0B4-C5C36862815B}.Release|Any CPU.Build.0 = Release|Any CPU
		{ED9E2E80-3129-4050-B0B4-C5C36862815B}.Release|Any CPU.Deploy.0 = Release|Any CPU
		{ED9E2E80-3129-4050-B0B4-C5C36862815B}.Release|iPhone.ActiveCfg = Release|Any CPU
		{ED9E2E80-3129-4050-B0B4-C5C36862815B}.Release|iPhone.Build.0 = Release|Any CPU
		{ED9E2E80-3129-4050-B0B4-C5C36862815B}.Release|iPhone.Deploy.0 = Release|Any CPU
		{ED9E2E80-3129-4050-B0B4-C5C36862815B}.Release|iPhoneSimulator.ActiveCfg = Release|Any CPU
		{ED9E2E80-3129-4050-B0B4-C5C36862815B}.Release|iPhoneSimulator.Build.0 = Release|Any CPU
		{ED9E2E80-3129-4050-B0B4-C5C36862815B}.Release|iPhoneSimulator.Deploy.0 = Release|Any CPU
		{2912BF6F-45B3-40B4-B31A-A3E60B404CB8}.Debug|Any CPU.ActiveCfg = Debug|iPhone
		{2912BF6F-45B3-40B4-B31A-A3E60B404CB8}.Debug|Any CPU.Build.0 = Debug|iPhone
		{2912BF6F-45B3-40B4-B31A-A3E60B404CB8}.Debug|Any CPU.Deploy.0 = Debug|iPhone
		{2912BF6F-45B3-40B4-B31A-A3E60B404CB8}.Debug|iPhone.ActiveCfg = Debug|iPhone
		{2912BF6F-45B3-40B4-B31A-A3E60B404CB8}.Debug|iPhone.Build.0 = Debug|iPhone
		{2912BF6F-45B3-40B4-B31A-A3E60B404CB8}.Debug|iPhone.Deploy.0 = Debug|iPhone
		{2912BF6F-45B3-40B4-B31A-A3E60B404CB8}.Debug|iPhoneSimulator.ActiveCfg = Debug|iPhoneSimulator
		{2912BF6F-45B3-40B4-B31A-A3E60B404CB8}.Debug|iPhoneSimulator.Build.0 = Debug|iPhoneSimulator
		{2912BF6F-45B3-40B4-B31A-A3E60B404CB8}.Debug|iPhoneSimulator.Deploy.0 = Debug|iPhoneSimulator
		{2912BF6F-45B3-40B4-B31A-A3E60B404CB8}.Release|Any CPU.ActiveCfg = Release|iPhoneSimulator
		{2912BF6F-45B3-40B4-B31A-A3E60B404CB8}.Release|Any CPU.Build.0 = Release|iPhoneSimulator
		{2912BF6F-45B3-40B4-B31A-A3E60B404CB8}.Release|Any CPU.Deploy.0 = Release|iPhoneSimulator
		{2912BF6F-45B3-40B4-B31A-A3E60B404CB8}.Release|iPhone.ActiveCfg = Release|iPhone
		{2912BF6F-45B3-40B4-B31A-A3E60B404CB8}.Release|iPhone.Build.0 = Release|iPhone
		{2912BF6F-45B3-40B4-B31A-A3E60B404CB8}.Release|iPhone.Deploy.0 = Release|iPhone
		{2912BF6F-45B3-40B4-B31A-A3E60B404CB8}.Release|iPhoneSimulator.ActiveCfg = Release|iPhoneSimulator
		{2912BF6F-45B3-40B4-B31A-A3E60B404CB8}.Release|iPhoneSimulator.Build.0 = Release|iPhoneSimulator
		{2912BF6F-45B3-40B4-B31A-A3E60B404CB8}.Release|iPhoneSimulator.Deploy.0 = Release|iPhoneSimulator
		{BBCCD77D-46E6-4A36-B69E-F251594BBE2E}.Debug|Any CPU.ActiveCfg = Debug|Any CPU
		{BBCCD77D-46E6-4A36-B69E-F251594BBE2E}.Debug|Any CPU.Build.0 = Debug|Any CPU
		{BBCCD77D-46E6-4A36-B69E-F251594BBE2E}.Debug|Any CPU.Deploy.0 = Debug|Any CPU
		{BBCCD77D-46E6-4A36-B69E-F251594BBE2E}.Debug|iPhone.ActiveCfg = Debug|Any CPU
		{BBCCD77D-46E6-4A36-B69E-F251594BBE2E}.Debug|iPhone.Build.0 = Debug|Any CPU
		{BBCCD77D-46E6-4A36-B69E-F251594BBE2E}.Debug|iPhone.Deploy.0 = Debug|Any CPU
		{BBCCD77D-46E6-4A36-B69E-F251594BBE2E}.Debug|iPhoneSimulator.ActiveCfg = Debug|Any CPU
		{BBCCD77D-46E6-4A36-B69E-F251594BBE2E}.Debug|iPhoneSimulator.Build.0 = Debug|Any CPU
		{BBCCD77D-46E6-4A36-B69E-F251594BBE2E}.Debug|iPhoneSimulator.Deploy.0 = Debug|Any CPU
		{BBCCD77D-46E6-4A36-B69E-F251594BBE2E}.Release|Any CPU.ActiveCfg = Release|Any CPU
		{BBCCD77D-46E6-4A36-B69E-F251594BBE2E}.Release|Any CPU.Build.0 = Release|Any CPU
		{BBCCD77D-46E6-4A36-B69E-F251594BBE2E}.Release|Any CPU.Deploy.0 = Release|Any CPU
		{BBCCD77D-46E6-4A36-B69E-F251594BBE2E}.Release|iPhone.ActiveCfg = Release|Any CPU
		{BBCCD77D-46E6-4A36-B69E-F251594BBE2E}.Release|iPhone.Build.0 = Release|Any CPU
		{BBCCD77D-46E6-4A36-B69E-F251594BBE2E}.Release|iPhone.Deploy.0 = Release|Any CPU
		{BBCCD77D-46E6-4A36-B69E-F251594BBE2E}.Release|iPhoneSimulator.ActiveCfg = Release|Any CPU
		{BBCCD77D-46E6-4A36-B69E-F251594BBE2E}.Release|iPhoneSimulator.Build.0 = Release|Any CPU
		{BBCCD77D-46E6-4A36-B69E-F251594BBE2E}.Release|iPhoneSimulator.Deploy.0 = Release|Any CPU
	EndGlobalSection
	GlobalSection(SolutionProperties) = preSolution
		HideSolutionNode = FALSE
	EndGlobalSection
	GlobalSection(ExtensibilityGlobals) = postSolution
		SolutionGuid = {91B6F0A5-C270-4843-87EC-DDBA459A8BF0}
	EndGlobalSection
EndGlobal
